
Microsoft Visual Studio Solution File, Format Version 12.00
# Visual Studio Version 16
VisualStudioVersion = 16.0.32228.343
MinimumVisualStudioVersion = 10.0.40219.1
Project("{FAE04EC0-301F-11D3-BF4B-00C04F79EFBC}") = "Movie.API", "Movie.API.csproj", "{3FA0AFCB-3808-4BEB-9C21-E2FF2B84649E}"
EndProject
Project("{FAE04EC0-301F-11D3-BF4B-00C04F79EFBC}") = "Movie.DAL", "..\Movie.DAL\Movie.DAL.csproj", "{50F41B64-FB31-41CD-8392-1E2925885CFC}"
EndProject
Global
	GlobalSection(SolutionConfigurationPlatforms) = preSolution
		Debug|Any CPU = Debug|Any CPU
		Release|Any CPU = Release|Any CPU
	EndGlobalSection
	GlobalSection(ProjectConfigurationPlatforms) = postSolution
		{3FA0AFCB-3808-4BEB-9C21-E2FF2B84649E}.Debug|Any CPU.ActiveCfg = Debug|Any CPU
		{3FA0AFCB-3808-4BEB-9C21-E2FF2B84649E}.Debug|Any CPU.Build.0 = Debug|Any CPU
		{3FA0AFCB-3808-4BEB-9C21-E2FF2B84649E}.Release|Any CPU.ActiveCfg = Release|Any CPU
		{3FA0AFCB-3808-4BEB-9C21-E2FF2B84649E}.Release|Any CPU.Build.0 = Release|Any CPU
		{50F41B64-FB31-41CD-8392-1E2925885CFC}.Debug|Any CPU.ActiveCfg = Debug|Any CPU
		{50F41B64-FB31-41CD-8392-1E2925885CFC}.Debug|Any CPU.Build.0 = Debug|Any CPU
		{50F41B64-FB31-41CD-8392-1E2925885CFC}.Release|Any CPU.ActiveCfg = Release|Any CPU
		{50F41B64-FB31-41CD-8392-1E2925885CFC}.Release|Any CPU.Build.0 = Release|Any CPU
	EndGlobalSection
	GlobalSection(SolutionProperties) = preSolution
		HideSolutionNode = FALSE
	EndGlobalSection
	GlobalSection(ExtensibilityGlobals) = postSolution
		SolutionGuid = {0CF05280-C439-4470-9280-36777AB1E7AC}
	EndGlobalSection
EndGlobal
